
Microsoft Visual Studio Solution File, Format Version 12.00
# Visual Studio Version 17
VisualStudioVersion = 17.10.35013.160
MinimumVisualStudioVersion = 10.0.40219.1
Project("{FAE04EC0-301F-11D3-BF4B-00C04F79EFBC}") = "phonebook_application_magyar", "phonebook_application_magyar\phonebook_application_magyar.csproj", "{11474913-BB5B-48AB-8727-0C0582DF1303}"
EndProject
Global
	GlobalSection(SolutionConfigurationPlatforms) = preSolution
		Debug|Any CPU = Debug|Any CPU
		Release|Any CPU = Release|Any CPU
	EndGlobalSection
	GlobalSection(ProjectConfigurationPlatforms) = postSolution
		{11474913-BB5B-48AB-8727-0C0582DF1303}.Debug|Any CPU.ActiveCfg = Debug|Any CPU
		{11474913-BB5B-48AB-8727-0C0582DF1303}.Debug|Any CPU.Build.0 = Debug|Any CPU
		{11474913-BB5B-48AB-8727-0C0582DF1303}.Release|Any CPU.ActiveCfg = Release|Any CPU
		{11474913-BB5B-48AB-8727-0C0582DF1303}.Release|Any CPU.Build.0 = Release|Any CPU
	EndGlobalSection
	GlobalSection(SolutionProperties) = preSolution
		HideSolutionNode = FALSE
	EndGlobalSection
	GlobalSection(ExtensibilityGlobals) = postSolution
		SolutionGuid = {1EB908EB-0634-4A0B-AAFE-A44DEE72DCED}
	EndGlobalSection
EndGlobal
