
Microsoft Visual Studio Solution File, Format Version 12.00
# Visual Studio Version 17
VisualStudioVersion = 17.10.35013.160
MinimumVisualStudioVersion = 10.0.40219.1
Project("{FAE04EC0-301F-11D3-BF4B-00C04F79EFBC}") = "phonebook_application_winform", "phonebook_application_winform\phonebook_application_winform.csproj", "{5FA16375-57B1-467A-A610-A6B4CF021A5D}"
EndProject
Global
	GlobalSection(SolutionConfigurationPlatforms) = preSolution
		Debug|Any CPU = Debug|Any CPU
		Release|Any CPU = Release|Any CPU
	EndGlobalSection
	GlobalSection(ProjectConfigurationPlatforms) = postSolution
		{5FA16375-57B1-467A-A610-A6B4CF021A5D}.Debug|Any CPU.ActiveCfg = Debug|Any CPU
		{5FA16375-57B1-467A-A610-A6B4CF021A5D}.Debug|Any CPU.Build.0 = Debug|Any CPU
		{5FA16375-57B1-467A-A610-A6B4CF021A5D}.Release|Any CPU.ActiveCfg = Release|Any CPU
		{5FA16375-57B1-467A-A610-A6B4CF021A5D}.Release|Any CPU.Build.0 = Release|Any CPU
	EndGlobalSection
	GlobalSection(SolutionProperties) = preSolution
		HideSolutionNode = FALSE
	EndGlobalSection
	GlobalSection(ExtensibilityGlobals) = postSolution
		SolutionGuid = {DB5D19F3-03DD-462F-BAC6-5235A598124B}
	EndGlobalSection
EndGlobal
